
Microsoft Visual Studio Solution File, Format Version 12.00
# Visual Studio Version 16
VisualStudioVersion = 16.0.30621.155
MinimumVisualStudioVersion = 10.0.40219.1
Project("{8BC9CEB8-8B4A-11D0-8D11-00A0C91BC942}") = "C++OpenCV_Objects", "C++OpenCV_Objects\C++OpenCV_Objects.vcxproj", "{BFEE1EFF-CB23-4473-A7F5-978F0E1DE4E6}"
EndProject
Global
	GlobalSection(SolutionConfigurationPlatforms) = preSolution
		Debug|x64 = Debug|x64
		Debug|x86 = Debug|x86
		Release|x64 = Release|x64
		Release|x86 = Release|x86
	EndGlobalSection
	GlobalSection(ProjectConfigurationPlatforms) = postSolution
		{BFEE1EFF-CB23-4473-A7F5-978F0E1DE4E6}.Debug|x64.ActiveCfg = Debug|x64
		{BFEE1EFF-CB23-4473-A7F5-978F0E1DE4E6}.Debug|x64.Build.0 = Debug|x64
		{BFEE1EFF-CB23-4473-A7F5-978F0E1DE4E6}.Debug|x86.ActiveCfg = Debug|Win32
		{BFEE1EFF-CB23-4473-A7F5-978F0E1DE4E6}.Debug|x86.Build.0 = Debug|Win32
		{BFEE1EFF-CB23-4473-A7F5-978F0E1DE4E6}.Release|x64.ActiveCfg = Release|x64
		{BFEE1EFF-CB23-4473-A7F5-978F0E1DE4E6}.Release|x64.Build.0 = Release|x64
		{BFEE1EFF-CB23-4473-A7F5-978F0E1DE4E6}.Release|x86.ActiveCfg = Release|Win32
		{BFEE1EFF-CB23-4473-A7F5-978F0E1DE4E6}.Release|x86.Build.0 = Release|Win32
	EndGlobalSection
	GlobalSection(SolutionProperties) = preSolution
		HideSolutionNode = FALSE
	EndGlobalSection
	GlobalSection(ExtensibilityGlobals) = postSolution
		SolutionGuid = {7F3742CE-70EC-4BD6-91E7-CEE30C6DFD31}
	EndGlobalSection
EndGlobal
